{
  "name": "honkit-plugin-elasticsearch",
  "version": "0.2.0",
  "lockfileVersion": 1,
  "requires": true,
  "dependencies": {
    "gitbook-plugin-search": {
      "version": "2.2.1",
      "resolved": "https://registry.npmjs.org/gitbook-plugin-search/-/gitbook-plugin-search-2.2.1.tgz",
      "integrity": "sha1-bSW1p3aZD6mP39+jfeMx944PaxM="
    },
    "html-entities": {
      "version": "1.3.1",
      "resolved": "https://registry.npmjs.org/html-entities/-/html-entities-1.3.1.tgz",
      "integrity": "sha512-rhE/4Z3hIhzHAUKbW8jVcCyuT5oJCXXqhN/6mXXVCpzTmvJnoH2HL/bt3EZ6p55jbFJBeAe1ZNpL5BugLujxNA=="
    }
  }
}
